// !$*UTF8*$!
{
	archiveVersion = 1;
	classes = {
	};
	objectVersion = 56;
	objects = {

/* Begin PBXBuildFile section */
		DF67C33D29D6CF27009ABCB9 /* Karmine_CorpApp.swift in Sources */ = {isa = PBXBuildFile; fileRef = DF67C33C29D6CF27009ABCB9 /* Karmine_CorpApp.swift */; };
		DF67C33F29D6CF27009ABCB9 /* ContentView.swift in Sources */ = {isa = PBXBuildFile; fileRef = DF67C33E29D6CF27009ABCB9 /* ContentView.swift */; };
		DF67C34129D6CF28009ABCB9 /* Assets.xcassets in Resources */ = {isa = PBXBuildFile; fileRef = DF67C34029D6CF28009ABCB9 /* Assets.xcassets */; };
		DF67C34429D6CF28009ABCB9 /* Preview Assets.xcassets in Resources */ = {isa = PBXBuildFile; fileRef = DF67C34329D6CF28009ABCB9 /* Preview Assets.xcassets */; };
		DF68362B29DB4905000432FA /* ActualitesView.swift in Sources */ = {isa = PBXBuildFile; fileRef = DF68362A29DB4905000432FA /* ActualitesView.swift */; };
		DFBACD7829D6D9AD002E0669 /* EsportsMainView.swift in Sources */ = {isa = PBXBuildFile; fileRef = DFBACD7729D6D9AD002E0669 /* EsportsMainView.swift */; };
		DFBACD8129D6F21C002E0669 /* DirectView.swift in Sources */ = {isa = PBXBuildFile; fileRef = DFBACD8029D6F21C002E0669 /* DirectView.swift */; };
		DFBACD8329D6F30E002E0669 /* LEMONMILK-Bold.otf in Resources */ = {isa = PBXBuildFile; fileRef = DFBACD8229D6F30E002E0669 /* LEMONMILK-Bold.otf */; };
		DFBACD8529D709D2002E0669 /* LeaguesOfLegendsMainView.swift in Sources */ = {isa = PBXBuildFile; fileRef = DFBACD8429D709D2002E0669 /* LeaguesOfLegendsMainView.swift */; };
		DFBACD8729D709E4002E0669 /* ValorantMainView.swift in Sources */ = {isa = PBXBuildFile; fileRef = DFBACD8629D709E4002E0669 /* ValorantMainView.swift */; };
		DFBACD8929D70A04002E0669 /* RocketLeagueMainView.swift in Sources */ = {isa = PBXBuildFile; fileRef = DFBACD8829D70A04002E0669 /* RocketLeagueMainView.swift */; };
		DFBACD8B29D70A0F002E0669 /* SuperSmashBrosMainView.swift in Sources */ = {isa = PBXBuildFile; fileRef = DFBACD8A29D70A0F002E0669 /* SuperSmashBrosMainView.swift */; };
		DFBACD8D29D70A26002E0669 /* TrackmaniaMainView.swift in Sources */ = {isa = PBXBuildFile; fileRef = DFBACD8C29D70A26002E0669 /* TrackmaniaMainView.swift */; };
		DFBACD8F29D70A37002E0669 /* TeamFightTactisMainView.swift in Sources */ = {isa = PBXBuildFile; fileRef = DFBACD8E29D70A37002E0669 /* TeamFightTactisMainView.swift */; };
		DFBACD9129D71717002E0669 /* LeaguesOfLegendsResultsView.swift in Sources */ = {isa = PBXBuildFile; fileRef = DFBACD9029D71717002E0669 /* LeaguesOfLegendsResultsView.swift */; };
		DFBACD9329D719F2002E0669 /* ValorantResultsView.swift in Sources */ = {isa = PBXBuildFile; fileRef = DFBACD9229D719F2002E0669 /* ValorantResultsView.swift */; };
		DFBACD9529D71B53002E0669 /* RocketLeagueResultsView.swift in Sources */ = {isa = PBXBuildFile; fileRef = DFBACD9429D71B53002E0669 /* RocketLeagueResultsView.swift */; };
		DFBACD9729D71C60002E0669 /* SuperSmashBrosResultsView.swift in Sources */ = {isa = PBXBuildFile; fileRef = DFBACD9629D71C60002E0669 /* SuperSmashBrosResultsView.swift */; };
		DFBACD9929D71CEF002E0669 /* TrackmaniaResultsView.swift in Sources */ = {isa = PBXBuildFile; fileRef = DFBACD9829D71CEF002E0669 /* TrackmaniaResultsView.swift */; };
		DFBACD9B29D71D17002E0669 /* TeamFightTactisResultsView.swift in Sources */ = {isa = PBXBuildFile; fileRef = DFBACD9A29D71D17002E0669 /* TeamFightTactisResultsView.swift */; };
		DFBACD9D29D71DD4002E0669 /* LeaguesOfLegendsTeamView.swift in Sources */ = {isa = PBXBuildFile; fileRef = DFBACD9C29D71DD4002E0669 /* LeaguesOfLegendsTeamView.swift */; };
		DFBACDA229D7C3B1002E0669 /* ValorantTeamView.swift in Sources */ = {isa = PBXBuildFile; fileRef = DFBACDA129D7C3B1002E0669 /* ValorantTeamView.swift */; };
		DFBACDA429D7C55D002E0669 /* RocketLeagueTeamView.swift in Sources */ = {isa = PBXBuildFile; fileRef = DFBACDA329D7C55D002E0669 /* RocketLeagueTeamView.swift */; };
		DFBACDA729D7C57E002E0669 /* SuperSmashBrosTeamView.swift in Sources */ = {isa = PBXBuildFile; fileRef = DFBACDA629D7C57E002E0669 /* SuperSmashBrosTeamView.swift */; };
		DFBACDAA29D7C599002E0669 /* TrackmaniaTeamView.swift in Sources */ = {isa = PBXBuildFile; fileRef = DFBACDA929D7C599002E0669 /* TrackmaniaTeamView.swift */; };
		DFBACDAC29D7C5AB002E0669 /* TeamFightTactisTeamView.swift in Sources */ = {isa = PBXBuildFile; fileRef = DFBACDAB29D7C5AB002E0669 /* TeamFightTactisTeamView.swift */; };
/* End PBXBuildFile section */

/* Begin PBXFileReference section */
		DF67C33929D6CF27009ABCB9 /* Karmine Corp.app */ = {isa = PBXFileReference; explicitFileType = wrapper.application; includeInIndex = 0; path = "Karmine Corp.app"; sourceTree = BUILT_PRODUCTS_DIR; };
		DF67C33C29D6CF27009ABCB9 /* Karmine_CorpApp.swift */ = {isa = PBXFileReference; lastKnownFileType = sourcecode.swift; path = Karmine_CorpApp.swift; sourceTree = "<group>"; };
		DF67C33E29D6CF27009ABCB9 /* ContentView.swift */ = {isa = PBXFileReference; lastKnownFileType = sourcecode.swift; path = ContentView.swift; sourceTree = "<group>"; };
		DF67C34029D6CF28009ABCB9 /* Assets.xcassets */ = {isa = PBXFileReference; lastKnownFileType = folder.assetcatalog; path = Assets.xcassets; sourceTree = "<group>"; };
		DF67C34329D6CF28009ABCB9 /* Preview Assets.xcassets */ = {isa = PBXFileReference; lastKnownFileType = folder.assetcatalog; path = "Preview Assets.xcassets"; sourceTree = "<group>"; };
		DF68362A29DB4905000432FA /* ActualitesView.swift */ = {isa = PBXFileReference; lastKnownFileType = sourcecode.swift; path = ActualitesView.swift; sourceTree = "<group>"; };
		DFBACD7729D6D9AD002E0669 /* EsportsMainView.swift */ = {isa = PBXFileReference; lastKnownFileType = sourcecode.swift; path = EsportsMainView.swift; sourceTree = "<group>"; };
		DFBACD7C29D6DA48002E0669 /* Karmine-Corp-Info.plist */ = {isa = PBXFileReference; lastKnownFileType = text.plist; path = "Karmine-Corp-Info.plist"; sourceTree = SOURCE_ROOT; };
		DFBACD8029D6F21C002E0669 /* DirectView.swift */ = {isa = PBXFileReference; lastKnownFileType = sourcecode.swift; path = DirectView.swift; sourceTree = "<group>"; };
		DFBACD8229D6F30E002E0669 /* LEMONMILK-Bold.otf */ = {isa = PBXFileReference; lastKnownFileType = file; path = "LEMONMILK-Bold.otf"; sourceTree = "<group>"; };
		DFBACD8429D709D2002E0669 /* LeaguesOfLegendsMainView.swift */ = {isa = PBXFileReference; lastKnownFileType = sourcecode.swift; path = LeaguesOfLegendsMainView.swift; sourceTree = "<group>"; };
		DFBACD8629D709E4002E0669 /* ValorantMainView.swift */ = {isa = PBXFileReference; lastKnownFileType = sourcecode.swift; path = ValorantMainView.swift; sourceTree = "<group>"; };
		DFBACD8829D70A04002E0669 /* RocketLeagueMainView.swift */ = {isa = PBXFileReference; lastKnownFileType = sourcecode.swift; path = RocketLeagueMainView.swift; sourceTree = "<group>"; };
		DFBACD8A29D70A0F002E0669 /* SuperSmashBrosMainView.swift */ = {isa = PBXFileReference; lastKnownFileType = sourcecode.swift; path = SuperSmashBrosMainView.swift; sourceTree = "<group>"; };
		DFBACD8C29D70A26002E0669 /* TrackmaniaMainView.swift */ = {isa = PBXFileReference; lastKnownFileType = sourcecode.swift; path = TrackmaniaMainView.swift; sourceTree = "<group>"; };
		DFBACD8E29D70A37002E0669 /* TeamFightTactisMainView.swift */ = {isa = PBXFileReference; lastKnownFileType = sourcecode.swift; path = TeamFightTactisMainView.swift; sourceTree = "<group>"; };
		DFBACD9029D71717002E0669 /* LeaguesOfLegendsResultsView.swift */ = {isa = PBXFileReference; lastKnownFileType = sourcecode.swift; path = LeaguesOfLegendsResultsView.swift; sourceTree = "<group>"; };
		DFBACD9229D719F2002E0669 /* ValorantResultsView.swift */ = {isa = PBXFileReference; lastKnownFileType = sourcecode.swift; path = ValorantResultsView.swift; sourceTree = "<group>"; };
		DFBACD9429D71B53002E0669 /* RocketLeagueResultsView.swift */ = {isa = PBXFileReference; lastKnownFileType = sourcecode.swift; path = RocketLeagueResultsView.swift; sourceTree = "<group>"; };
		DFBACD9629D71C60002E0669 /* SuperSmashBrosResultsView.swift */ = {isa = PBXFileReference; lastKnownFileType = sourcecode.swift; path = SuperSmashBrosResultsView.swift; sourceTree = "<group>"; };
		DFBACD9829D71CEF002E0669 /* TrackmaniaResultsView.swift */ = {isa = PBXFileReference; lastKnownFileType = sourcecode.swift; path = TrackmaniaResultsView.swift; sourceTree = "<group>"; };
		DFBACD9A29D71D17002E0669 /* TeamFightTactisResultsView.swift */ = {isa = PBXFileReference; lastKnownFileType = sourcecode.swift; path = TeamFightTactisResultsView.swift; sourceTree = "<group>"; };
		DFBACD9C29D71DD4002E0669 /* LeaguesOfLegendsTeamView.swift */ = {isa = PBXFileReference; lastKnownFileType = sourcecode.swift; path = LeaguesOfLegendsTeamView.swift; sourceTree = "<group>"; };
		DFBACDA129D7C3B1002E0669 /* ValorantTeamView.swift */ = {isa = PBXFileReference; lastKnownFileType = sourcecode.swift; path = ValorantTeamView.swift; sourceTree = "<group>"; };
		DFBACDA329D7C55D002E0669 /* RocketLeagueTeamView.swift */ = {isa = PBXFileReference; lastKnownFileType = sourcecode.swift; path = RocketLeagueTeamView.swift; sourceTree = "<group>"; };
		DFBACDA629D7C57E002E0669 /* SuperSmashBrosTeamView.swift */ = {isa = PBXFileReference; lastKnownFileType = sourcecode.swift; path = SuperSmashBrosTeamView.swift; sourceTree = "<group>"; };
		DFBACDA929D7C599002E0669 /* TrackmaniaTeamView.swift */ = {isa = PBXFileReference; lastKnownFileType = sourcecode.swift; path = TrackmaniaTeamView.swift; sourceTree = "<group>"; };
		DFBACDAB29D7C5AB002E0669 /* TeamFightTactisTeamView.swift */ = {isa = PBXFileReference; lastKnownFileType = sourcecode.swift; path = TeamFightTactisTeamView.swift; sourceTree = "<group>"; };
/* End PBXFileReference section */

/* Begin PBXFrameworksBuildPhase section */
		DF67C33629D6CF27009ABCB9 /* Frameworks */ = {
			isa = PBXFrameworksBuildPhase;
			buildActionMask = 2147483647;
			files = (
			);
			runOnlyForDeploymentPostprocessing = 0;
		};
/* End PBXFrameworksBuildPhase section */

/* Begin PBXGroup section */
		DF67C33029D6CF27009ABCB9 = {
			isa = PBXGroup;
			children = (
				DF67C33B29D6CF27009ABCB9 /* Karmine Corp */,
				DF67C33A29D6CF27009ABCB9 /* Products */,
			);
			sourceTree = "<group>";
		};
		DF67C33A29D6CF27009ABCB9 /* Products */ = {
			isa = PBXGroup;
			children = (
				DF67C33929D6CF27009ABCB9 /* Karmine Corp.app */,
			);
			name = Products;
			sourceTree = "<group>";
		};
		DF67C33B29D6CF27009ABCB9 /* Karmine Corp */ = {
			isa = PBXGroup;
			children = (
				DFBACD7C29D6DA48002E0669 /* Karmine-Corp-Info.plist */,
				DF67C33C29D6CF27009ABCB9 /* Karmine_CorpApp.swift */,
				DF67C33E29D6CF27009ABCB9 /* ContentView.swift */,
				DF67C34029D6CF28009ABCB9 /* Assets.xcassets */,
				DFBACD6A29D6D888002E0669 /* Actualites */,
				DFBACD6D29D6D8E0002E0669 /* Esports */,
				DFBACD6F29D6D8F6002E0669 /* Shop */,
				DFBACD6E29D6D8EF002E0669 /* Direct */,
				DF67C34229D6CF28009ABCB9 /* Preview Content */,
			);
			path = "Karmine Corp";
			sourceTree = "<group>";
		};
		DF67C34229D6CF28009ABCB9 /* Preview Content */ = {
			isa = PBXGroup;
			children = (
				DFBACD7929D6D9DC002E0669 /* Fonts */,
				DF67C34329D6CF28009ABCB9 /* Preview Assets.xcassets */,
			);
			path = "Preview Content";
			sourceTree = "<group>";
		};
		DFBACD6A29D6D888002E0669 /* Actualites */ = {
			isa = PBXGroup;
			children = (
				DF68362A29DB4905000432FA /* ActualitesView.swift */,
			);
			path = Actualites;
			sourceTree = "<group>";
		};
		DFBACD6D29D6D8E0002E0669 /* Esports */ = {
			isa = PBXGroup;
			children = (
				DFBACD7729D6D9AD002E0669 /* EsportsMainView.swift */,
				DFBACD7629D6D982002E0669 /* Leagues of Legends */,
				DFBACD7529D6D97C002E0669 /* Valorant */,
				DFBACD7429D6D968002E0669 /* Rocket League */,
				DFBACD7329D6D960002E0669 /* Super Smash Bros */,
				DFBACD7229D6D957002E0669 /* Trackmania */,
				DFBACD7129D6D93F002E0669 /* TeamFight Tactis */,
			);
			path = Esports;
			sourceTree = "<group>";
		};
		DFBACD6E29D6D8EF002E0669 /* Direct */ = {
			isa = PBXGroup;
			children = (
				DFBACD8029D6F21C002E0669 /* DirectView.swift */,
			);
			path = Direct;
			sourceTree = "<group>";
		};
		DFBACD6F29D6D8F6002E0669 /* Shop */ = {
			isa = PBXGroup;
			children = (
			);
			path = Shop;
			sourceTree = "<group>";
		};
		DFBACD7129D6D93F002E0669 /* TeamFight Tactis */ = {
			isa = PBXGroup;
			children = (
				DFBACD8E29D70A37002E0669 /* TeamFightTactisMainView.swift */,
				DFBACD9A29D71D17002E0669 /* TeamFightTactisResultsView.swift */,
				DFBACDAB29D7C5AB002E0669 /* TeamFightTactisTeamView.swift */,
			);
			path = "TeamFight Tactis";
			sourceTree = "<group>";
		};
		DFBACD7229D6D957002E0669 /* Trackmania */ = {
			isa = PBXGroup;
			children = (
				DFBACD8C29D70A26002E0669 /* TrackmaniaMainView.swift */,
				DFBACD9829D71CEF002E0669 /* TrackmaniaResultsView.swift */,
				DFBACDA929D7C599002E0669 /* TrackmaniaTeamView.swift */,
			);
			path = Trackmania;
			sourceTree = "<group>";
		};
		DFBACD7329D6D960002E0669 /* Super Smash Bros */ = {
			isa = PBXGroup;
			children = (
				DFBACD8A29D70A0F002E0669 /* SuperSmashBrosMainView.swift */,
				DFBACD9629D71C60002E0669 /* SuperSmashBrosResultsView.swift */,
				DFBACDA629D7C57E002E0669 /* SuperSmashBrosTeamView.swift */,
			);
			path = "Super Smash Bros";
			sourceTree = "<group>";
		};
		DFBACD7429D6D968002E0669 /* Rocket League */ = {
			isa = PBXGroup;
			children = (
				DFBACD8829D70A04002E0669 /* RocketLeagueMainView.swift */,
				DFBACD9429D71B53002E0669 /* RocketLeagueResultsView.swift */,
				DFBACDA329D7C55D002E0669 /* RocketLeagueTeamView.swift */,
			);
			path = "Rocket League";
			sourceTree = "<group>";
		};
		DFBACD7529D6D97C002E0669 /* Valorant */ = {
			isa = PBXGroup;
			children = (
				DFBACD8629D709E4002E0669 /* ValorantMainView.swift */,
				DFBACD9229D719F2002E0669 /* ValorantResultsView.swift */,
				DFBACDA129D7C3B1002E0669 /* ValorantTeamView.swift */,
			);
			path = Valorant;
			sourceTree = "<group>";
		};
		DFBACD7629D6D982002E0669 /* Leagues of Legends */ = {
			isa = PBXGroup;
			children = (
				DFBACD8429D709D2002E0669 /* LeaguesOfLegendsMainView.swift */,
				DFBACD9029D71717002E0669 /* LeaguesOfLegendsResultsView.swift */,
				DFBACD9C29D71DD4002E0669 /* LeaguesOfLegendsTeamView.swift */,
			);
			path = "Leagues of Legends";
			sourceTree = "<group>";
		};
		DFBACD7929D6D9DC002E0669 /* Fonts */ = {
			isa = PBXGroup;
			children = (
				DFBACD8229D6F30E002E0669 /* LEMONMILK-Bold.otf */,
			);
			path = Fonts;
			sourceTree = "<group>";
		};
/* End PBXGroup section */

/* Begin PBXNativeTarget section */
		DF67C33829D6CF27009ABCB9 /* Karmine Corp */ = {
			isa = PBXNativeTarget;
			buildConfigurationList = DF67C34729D6CF28009ABCB9 /* Build configuration list for PBXNativeTarget "Karmine Corp" */;
			buildPhases = (
				DF67C33529D6CF27009ABCB9 /* Sources */,
				DF67C33629D6CF27009ABCB9 /* Frameworks */,
				DF67C33729D6CF27009ABCB9 /* Resources */,
			);
			buildRules = (
			);
			dependencies = (
			);
			name = "Karmine Corp";
			productName = "Karmine Corp";
			productReference = DF67C33929D6CF27009ABCB9 /* Karmine Corp.app */;
			productType = "com.apple.product-type.application";
		};
/* End PBXNativeTarget section */

/* Begin PBXProject section */
		DF67C33129D6CF27009ABCB9 /* Project object */ = {
			isa = PBXProject;
			attributes = {
				BuildIndependentTargetsInParallel = 1;
				LastSwiftUpdateCheck = 1420;
				LastUpgradeCheck = 1420;
				TargetAttributes = {
					DF67C33829D6CF27009ABCB9 = {
						CreatedOnToolsVersion = 14.2;
					};
				};
			};
			buildConfigurationList = DF67C33429D6CF27009ABCB9 /* Build configuration list for PBXProject "Karmine Corp" */;
			compatibilityVersion = "Xcode 14.0";
			developmentRegion = en;
			hasScannedForEncodings = 0;
			knownRegions = (
				en,
				Base,
			);
			mainGroup = DF67C33029D6CF27009ABCB9;
			productRefGroup = DF67C33A29D6CF27009ABCB9 /* Products */;
			projectDirPath = "";
			projectRoot = "";
			targets = (
				DF67C33829D6CF27009ABCB9 /* Karmine Corp */,
			);
		};
/* End PBXProject section */

/* Begin PBXResourcesBuildPhase section */
		DF67C33729D6CF27009ABCB9 /* Resources */ = {
			isa = PBXResourcesBuildPhase;
			buildActionMask = 2147483647;
			files = (
				DFBACD8329D6F30E002E0669 /* LEMONMILK-Bold.otf in Resources */,
				DF67C34429D6CF28009ABCB9 /* Preview Assets.xcassets in Resources */,
				DF67C34129D6CF28009ABCB9 /* Assets.xcassets in Resources */,
			);
			runOnlyForDeploymentPostprocessing = 0;
		};
/* End PBXResourcesBuildPhase section */

/* Begin PBXSourcesBuildPhase section */
		DF67C33529D6CF27009ABCB9 /* Sources */ = {
			isa = PBXSourcesBuildPhase;
			buildActionMask = 2147483647;
			files = (
				DFBACD9329D719F2002E0669 /* ValorantResultsView.swift in Sources */,
				DFBACDAC29D7C5AB002E0669 /* TeamFightTactisTeamView.swift in Sources */,
				DFBACD8B29D70A0F002E0669 /* SuperSmashBrosMainView.swift in Sources */,
				DFBACDA729D7C57E002E0669 /* SuperSmashBrosTeamView.swift in Sources */,
				DFBACD9B29D71D17002E0669 /* TeamFightTactisResultsView.swift in Sources */,
				DFBACD9129D71717002E0669 /* LeaguesOfLegendsResultsView.swift in Sources */,
				DF67C33F29D6CF27009ABCB9 /* ContentView.swift in Sources */,
				DF68362B29DB4905000432FA /* ActualitesView.swift in Sources */,
				DFBACD9929D71CEF002E0669 /* TrackmaniaResultsView.swift in Sources */,
				DFBACDA429D7C55D002E0669 /* RocketLeagueTeamView.swift in Sources */,
				DFBACD9729D71C60002E0669 /* SuperSmashBrosResultsView.swift in Sources */,
				DFBACD9529D71B53002E0669 /* RocketLeagueResultsView.swift in Sources */,
				DFBACD8929D70A04002E0669 /* RocketLeagueMainView.swift in Sources */,
				DFBACD8129D6F21C002E0669 /* DirectView.swift in Sources */,
				DFBACDA229D7C3B1002E0669 /* ValorantTeamView.swift in Sources */,
				DF67C33D29D6CF27009ABCB9 /* Karmine_CorpApp.swift in Sources */,
				DFBACD8F29D70A37002E0669 /* TeamFightTactisMainView.swift in Sources */,
				DFBACD9D29D71DD4002E0669 /* LeaguesOfLegendsTeamView.swift in Sources */,
				DFBACD7829D6D9AD002E0669 /* EsportsMainView.swift in Sources */,
				DFBACD8D29D70A26002E0669 /* TrackmaniaMainView.swift in Sources */,
				DFBACD8729D709E4002E0669 /* ValorantMainView.swift in Sources */,
				DFBACD8529D709D2002E0669 /* LeaguesOfLegendsMainView.swift in Sources */,
				DFBACDAA29D7C599002E0669 /* TrackmaniaTeamView.swift in Sources */,
			);
			runOnlyForDeploymentPostprocessing = 0;
		};
/* End PBXSourcesBuildPhase section */

/* Begin XCBuildConfiguration section */
		DF67C34529D6CF28009ABCB9 /* Debug */ = {
			isa = XCBuildConfiguration;
			buildSettings = {
				ALWAYS_SEARCH_USER_PATHS = NO;
				CLANG_ANALYZER_NONNULL = YES;
				CLANG_ANALYZER_NUMBER_OBJECT_CONVERSION = YES_AGGRESSIVE;
				CLANG_CXX_LANGUAGE_STANDARD = "gnu++20";
				CLANG_ENABLE_MODULES = YES;
				CLANG_ENABLE_OBJC_ARC = YES;
				CLANG_ENABLE_OBJC_WEAK = YES;
				CLANG_WARN_BLOCK_CAPTURE_AUTORELEASING = YES;
				CLANG_WARN_BOOL_CONVERSION = YES;
				CLANG_WARN_COMMA = YES;
				CLANG_WARN_CONSTANT_CONVERSION = YES;
				CLANG_WARN_DEPRECATED_OBJC_IMPLEMENTATIONS = YES;
				CLANG_WARN_DIRECT_OBJC_ISA_USAGE = YES_ERROR;
				CLANG_WARN_DOCUMENTATION_COMMENTS = YES;
				CLANG_WARN_EMPTY_BODY = YES;
				CLANG_WARN_ENUM_CONVERSION = YES;
				CLANG_WARN_INFINITE_RECURSION = YES;
				CLANG_WARN_INT_CONVERSION = YES;
				CLANG_WARN_NON_LITERAL_NULL_CONVERSION = YES;
				CLANG_WARN_OBJC_IMPLICIT_RETAIN_SELF = YES;
				CLANG_WARN_OBJC_LITERAL_CONVERSION = YES;
				CLANG_WARN_OBJC_ROOT_CLASS = YES_ERROR;
				CLANG_WARN_QUOTED_INCLUDE_IN_FRAMEWORK_HEADER = YES;
				CLANG_WARN_RANGE_LOOP_ANALYSIS = YES;
				CLANG_WARN_STRICT_PROTOTYPES = YES;
				CLANG_WARN_SUSPICIOUS_MOVE = YES;
				CLANG_WARN_UNGUARDED_AVAILABILITY = YES_AGGRESSIVE;
				CLANG_WARN_UNREACHABLE_CODE = YES;
				CLANG_WARN__DUPLICATE_METHOD_MATCH = YES;
				COPY_PHASE_STRIP = NO;
				DEBUG_INFORMATION_FORMAT = dwarf;
				ENABLE_STRICT_OBJC_MSGSEND = YES;
				ENABLE_TESTABILITY = YES;
				GCC_C_LANGUAGE_STANDARD = gnu11;
				GCC_DYNAMIC_NO_PIC = NO;
				GCC_NO_COMMON_BLOCKS = YES;
				GCC_OPTIMIZATION_LEVEL = 0;
				GCC_PREPROCESSOR_DEFINITIONS = (
					"DEBUG=1",
					"$(inherited)",
				);
				GCC_WARN_64_TO_32_BIT_CONVERSION = YES;
				GCC_WARN_ABOUT_RETURN_TYPE = YES_ERROR;
				GCC_WARN_UNDECLARED_SELECTOR = YES;
				GCC_WARN_UNINITIALIZED_AUTOS = YES_AGGRESSIVE;
				GCC_WARN_UNUSED_FUNCTION = YES;
				GCC_WARN_UNUSED_VARIABLE = YES;
				IPHONEOS_DEPLOYMENT_TARGET = 16.2;
				MTL_ENABLE_DEBUG_INFO = INCLUDE_SOURCE;
				MTL_FAST_MATH = YES;
				ONLY_ACTIVE_ARCH = YES;
				SDKROOT = iphoneos;
				SWIFT_ACTIVE_COMPILATION_CONDITIONS = DEBUG;
				SWIFT_OPTIMIZATION_LEVEL = "-Onone";
			};
			name = Debug;
		};
		DF67C34629D6CF28009ABCB9 /* Release */ = {
			isa = XCBuildConfiguration;
			buildSettings = {
				ALWAYS_SEARCH_USER_PATHS = NO;
				CLANG_ANALYZER_NONNULL = YES;
				CLANG_ANALYZER_NUMBER_OBJECT_CONVERSION = YES_AGGRESSIVE;
				CLANG_CXX_LANGUAGE_STANDARD = "gnu++20";
				CLANG_ENABLE_MODULES = YES;
				CLANG_ENABLE_OBJC_ARC = YES;
				CLANG_ENABLE_OBJC_WEAK = YES;
				CLANG_WARN_BLOCK_CAPTURE_AUTORELEASING = YES;
				CLANG_WARN_BOOL_CONVERSION = YES;
				CLANG_WARN_COMMA = YES;
				CLANG_WARN_CONSTANT_CONVERSION = YES;
				CLANG_WARN_DEPRECATED_OBJC_IMPLEMENTATIONS = YES;
				CLANG_WARN_DIRECT_OBJC_ISA_USAGE = YES_ERROR;
				CLANG_WARN_DOCUMENTATION_COMMENTS = YES;
				CLANG_WARN_EMPTY_BODY = YES;
				CLANG_WARN_ENUM_CONVERSION = YES;
				CLANG_WARN_INFINITE_RECURSION = YES;
				CLANG_WARN_INT_CONVERSION = YES;
				CLANG_WARN_NON_LITERAL_NULL_CONVERSION = YES;
				CLANG_WARN_OBJC_IMPLICIT_RETAIN_SELF = YES;
				CLANG_WARN_OBJC_LITERAL_CONVERSION = YES;
				CLANG_WARN_OBJC_ROOT_CLASS = YES_ERROR;
				CLANG_WARN_QUOTED_INCLUDE_IN_FRAMEWORK_HEADER = YES;
				CLANG_WARN_RANGE_LOOP_ANALYSIS = YES;
				CLANG_WARN_STRICT_PROTOTYPES = YES;
				CLANG_WARN_SUSPICIOUS_MOVE = YES;
				CLANG_WARN_UNGUARDED_AVAILABILITY = YES_AGGRESSIVE;
				CLANG_WARN_UNREACHABLE_CODE = YES;
				CLANG_WARN__DUPLICATE_METHOD_MATCH = YES;
				COPY_PHASE_STRIP = NO;
				DEBUG_INFORMATION_FORMAT = "dwarf-with-dsym";
				ENABLE_NS_ASSERTIONS = NO;
				ENABLE_STRICT_OBJC_MSGSEND = YES;
				GCC_C_LANGUAGE_STANDARD = gnu11;
				GCC_NO_COMMON_BLOCKS = YES;
				GCC_WARN_64_TO_32_BIT_CONVERSION = YES;
				GCC_WARN_ABOUT_RETURN_TYPE = YES_ERROR;
				GCC_WARN_UNDECLARED_SELECTOR = YES;
				GCC_WARN_UNINITIALIZED_AUTOS = YES_AGGRESSIVE;
				GCC_WARN_UNUSED_FUNCTION = YES;
				GCC_WARN_UNUSED_VARIABLE = YES;
				IPHONEOS_DEPLOYMENT_TARGET = 16.2;
				MTL_ENABLE_DEBUG_INFO = NO;
				MTL_FAST_MATH = YES;
				SDKROOT = iphoneos;
				SWIFT_COMPILATION_MODE = wholemodule;
				SWIFT_OPTIMIZATION_LEVEL = "-O";
				VALIDATE_PRODUCT = YES;
			};
			name = Release;
		};
		DF67C34829D6CF28009ABCB9 /* Debug */ = {
			isa = XCBuildConfiguration;
			buildSettings = {
				ASSETCATALOG_COMPILER_APPICON_NAME = AppIcon;
				ASSETCATALOG_COMPILER_GLOBAL_ACCENT_COLOR_NAME = AccentColor;
				CODE_SIGN_STYLE = Automatic;
				CURRENT_PROJECT_VERSION = 1;
				DEVELOPMENT_ASSET_PATHS = "\"Karmine Corp/Preview Content\"";
				DEVELOPMENT_TEAM = N4HV37G62K;
				ENABLE_PREVIEWS = YES;
				GENERATE_INFOPLIST_FILE = YES;
				INFOPLIST_FILE = "Karmine-Corp-Info.plist";
				INFOPLIST_KEY_UIApplicationSceneManifest_Generation = YES;
				INFOPLIST_KEY_UIApplicationSupportsIndirectInputEvents = YES;
				INFOPLIST_KEY_UILaunchScreen_Generation = YES;
				INFOPLIST_KEY_UISupportedInterfaceOrientations_iPad = "UIInterfaceOrientationPortrait UIInterfaceOrientationPortraitUpsideDown UIInterfaceOrientationLandscapeLeft UIInterfaceOrientationLandscapeRight";
				INFOPLIST_KEY_UISupportedInterfaceOrientations_iPhone = "UIInterfaceOrientationPortrait UIInterfaceOrientationLandscapeLeft UIInterfaceOrientationLandscapeRight";
				LD_RUNPATH_SEARCH_PATHS = (
					"$(inherited)",
					"@executable_path/Frameworks",
				);
				MARKETING_VERSION = 1.0;
				PRODUCT_BUNDLE_IDENTIFIER = "com.aiden.Karmine-Corp";
				PRODUCT_NAME = "$(TARGET_NAME)";
				SWIFT_EMIT_LOC_STRINGS = YES;
				SWIFT_VERSION = 5.0;
				TARGETED_DEVICE_FAMILY = "1,2";
			};
			name = Debug;
		};
		DF67C34929D6CF28009ABCB9 /* Release */ = {
			isa = XCBuildConfiguration;
			buildSettings = {
				ASSETCATALOG_COMPILER_APPICON_NAME = AppIcon;
				ASSETCATALOG_COMPILER_GLOBAL_ACCENT_COLOR_NAME = AccentColor;
				CODE_SIGN_STYLE = Automatic;
				CURRENT_PROJECT_VERSION = 1;
				DEVELOPMENT_ASSET_PATHS = "\"Karmine Corp/Preview Content\"";
				DEVELOPMENT_TEAM = N4HV37G62K;
				ENABLE_PREVIEWS = YES;
				GENERATE_INFOPLIST_FILE = YES;
				INFOPLIST_FILE = "Karmine-Corp-Info.plist";
				INFOPLIST_KEY_UIApplicationSceneManifest_Generation = YES;
				INFOPLIST_KEY_UIApplicationSupportsIndirectInputEvents = YES;
				INFOPLIST_KEY_UILaunchScreen_Generation = YES;
				INFOPLIST_KEY_UISupportedInterfaceOrientations_iPad = "UIInterfaceOrientationPortrait UIInterfaceOrientationPortraitUpsideDown UIInterfaceOrientationLandscapeLeft UIInterfaceOrientationLandscapeRight";
				INFOPLIST_KEY_UISupportedInterfaceOrientations_iPhone = "UIInterfaceOrientationPortrait UIInterfaceOrientationLandscapeLeft UIInterfaceOrientationLandscapeRight";
				LD_RUNPATH_SEARCH_PATHS = (
					"$(inherited)",
					"@executable_path/Frameworks",
				);
				MARKETING_VERSION = 1.0;
				PRODUCT_BUNDLE_IDENTIFIER = "com.aiden.Karmine-Corp";
				PRODUCT_NAME = "$(TARGET_NAME)";
				SWIFT_EMIT_LOC_STRINGS = YES;
				SWIFT_VERSION = 5.0;
				TARGETED_DEVICE_FAMILY = "1,2";
			};
			name = Release;
		};
/* End XCBuildConfiguration section */

/* Begin XCConfigurationList section */
		DF67C33429D6CF27009ABCB9 /* Build configuration list for PBXProject "Karmine Corp" */ = {
			isa = XCConfigurationList;
			buildConfigurations = (
				DF67C34529D6CF28009ABCB9 /* Debug */,
				DF67C34629D6CF28009ABCB9 /* Release */,
			);
			defaultConfigurationIsVisible = 0;
			defaultConfigurationName = Release;
		};
		DF67C34729D6CF28009ABCB9 /* Build configuration list for PBXNativeTarget "Karmine Corp" */ = {
			isa = XCConfigurationList;
			buildConfigurations = (
				DF67C34829D6CF28009ABCB9 /* Debug */,
				DF67C34929D6CF28009ABCB9 /* Release */,
			);
			defaultConfigurationIsVisible = 0;
			defaultConfigurationName = Release;
		};
/* End XCConfigurationList section */
	};
	rootObject = DF67C33129D6CF27009ABCB9 /* Project object */;
}
